
Microsoft Visual Studio Solution File, Format Version 12.00
# Visual Studio Version 17
VisualStudioVersion = 17.0.32014.148
MinimumVisualStudioVersion = 10.0.40219.1
Project("{FAE04EC0-301F-11D3-BF4B-00C04F79EFBC}") = "PR3.1", "PR3.1\PR3.1.csproj", "{89FCC840-0320-4B97-A187-066CEF9099E5}"
EndProject
Global
	GlobalSection(SolutionConfigurationPlatforms) = preSolution
		Debug|Any CPU = Debug|Any CPU
		Release|Any CPU = Release|Any CPU
	EndGlobalSection
	GlobalSection(ProjectConfigurationPlatforms) = postSolution
		{89FCC840-0320-4B97-A187-066CEF9099E5}.Debug|Any CPU.ActiveCfg = Debug|Any CPU
		{89FCC840-0320-4B97-A187-066CEF9099E5}.Debug|Any CPU.Build.0 = Debug|Any CPU
		{89FCC840-0320-4B97-A187-066CEF9099E5}.Release|Any CPU.ActiveCfg = Release|Any CPU
		{89FCC840-0320-4B97-A187-066CEF9099E5}.Release|Any CPU.Build.0 = Release|Any CPU
	EndGlobalSection
	GlobalSection(SolutionProperties) = preSolution
		HideSolutionNode = FALSE
	EndGlobalSection
	GlobalSection(ExtensibilityGlobals) = postSolution
		SolutionGuid = {BBCF5C0C-9469-482C-8BDF-B42FA8D30C72}
	EndGlobalSection
EndGlobal
